Microsoft Visual Studio Solution File, Format Version 12.00
# Visual Studio Version 17
VisualStudioVersion = 17.5.2.0
MinimumVisualStudioVersion = 10.0.40219.1
Project("{FAE04EC0-301F-11D3-BF4B-00C04F79EFBC}") = "Gui", "Gui\Game.csproj", "{B6E796FE-3606-90F3-964E-FB9FC248C429}"
EndProject
Project("{FAE04EC0-301F-11D3-BF4B-00C04F79EFBC}") = "Engine", "Engine\Engine.csproj", "{C6834DE9-48FD-31C1-8DF5-D96BED81EDC8}"
EndProject
Project("{FAE04EC0-301F-11D3-BF4B-00C04F79EFBC}") = "Console", "Console\Console.csproj", "{4C074499-B055-7471-2414-75766D22C168}"
EndProject
Global
	GlobalSection(SolutionConfigurationPlatforms) = preSolution
		Debug|Any CPU = Debug|Any CPU
		Release|Any CPU = Release|Any CPU
	EndGlobalSection
	GlobalSection(ProjectConfigurationPlatforms) = postSolution
		{B6E796FE-3606-90F3-964E-FB9FC248C429}.Debug|Any CPU.ActiveCfg = Debug|Any CPU
		{B6E796FE-3606-90F3-964E-FB9FC248C429}.Debug|Any CPU.Build.0 = Debug|Any CPU
		{B6E796FE-3606-90F3-964E-FB9FC248C429}.Release|Any CPU.ActiveCfg = Release|Any CPU
		{B6E796FE-3606-90F3-964E-FB9FC248C429}.Release|Any CPU.Build.0 = Release|Any CPU
		{C6834DE9-48FD-31C1-8DF5-D96BED81EDC8}.Debug|Any CPU.ActiveCfg = Debug|Any CPU
		{C6834DE9-48FD-31C1-8DF5-D96BED81EDC8}.Debug|Any CPU.Build.0 = Debug|Any CPU
		{C6834DE9-48FD-31C1-8DF5-D96BED81EDC8}.Release|Any CPU.ActiveCfg = Release|Any CPU
		{C6834DE9-48FD-31C1-8DF5-D96BED81EDC8}.Release|Any CPU.Build.0 = Release|Any CPU
		{4C074499-B055-7471-2414-75766D22C168}.Debug|Any CPU.ActiveCfg = Debug|Any CPU
		{4C074499-B055-7471-2414-75766D22C168}.Debug|Any CPU.Build.0 = Debug|Any CPU
		{4C074499-B055-7471-2414-75766D22C168}.Release|Any CPU.ActiveCfg = Release|Any CPU
		{4C074499-B055-7471-2414-75766D22C168}.Release|Any CPU.Build.0 = Release|Any CPU
	EndGlobalSection
	GlobalSection(SolutionProperties) = preSolution
		HideSolutionNode = FALSE
	EndGlobalSection
	GlobalSection(ExtensibilityGlobals) = postSolution
		SolutionGuid = {B719E94F-4882-47AE-98F4-E2C2E8EDFD55}
	EndGlobalSection
EndGlobal
